github.com/sec51/convert v1.0.2 h1:NoKWIRARjM3rQglNypMpcXSLLqPsN/uTTzaGeqDKbeg=
github.com/sec51/convert v1.0.2/go.mod h1:5qL/cT/oiOIvWXy2SccQ7LnacYftqqy9wdyFkTc1k2w=
github.com/sec51/cryptoengine v0.0.0-20180911112225-2306d105a49e h1:HsNjVWYeVdO/zoSfNBwJOs1PuSQCSCkwqW6Lp1TtZGs=
github.com/sec51/cryptoengine v0.0.0-20180911112225-2306d105a49e/go.mod h1:g7izN9sUffTPdvcrt39y/ZephG5oJ9XizhJxxBOYDL0=
github.com/sec51/gf256 v0.0.0-20160126143050-2454accbeb9e h1:wKXba8dfsFjbxkMpzZBKt8gkJAMSm1fIf1OSWQFQrVA=
github.com/sec51/gf256 v0.0.0-20160126143050-2454accbeb9e/go.mod h1:hCjOqSOB9PBw5MdJ+0uSLCBV7FbLy0xwOR+c193HkcE=
github.com/sec51/qrcode v0.0.0-20160126144534-b7779abbcaf1 h1:CI9zS8HvMiibvXM/F3IthY797GW77fNYgioJl/8Xzzk=
github.com/sec51/qrcode v0.0.0-20160126144534-b7779abbcaf1/go.mod h1:uPm44Rj3uXSSOvmKmoeRuAUNUgwH2JHW5KIzqFFS/j4=
golang.org/x/crypto v0.13.0 h1:mvySKfSWJ+UKUii46M40LOvyWfN0s2U+46/jDd0e6Ck=
golang.org/x/crypto v0.13.0/go.mod h1:y6Z2r+Rw4iayiXXAIxJIDAJ1zMW4yaTpebo8fPOliYc=
golang.org/x/sys v0.12.0 h1:CM0HF96J0hcLAwsHPJZjfdNzs0gftsLfgKt57wWHJ0o=
golang.org/x/sys v0.12.0/go.mod h1:oPkhp1MJrh7nUepCBck5+mAzfO9JrbApNNgaTdGDITg=
